
Microsoft Visual Studio Solution File, Format Version 12.00
# Visual Studio Version 16
VisualStudioVersion = 16.0.31911.196
MinimumVisualStudioVersion = 10.0.40219.1
Project("{FAE04EC0-301F-11D3-BF4B-00C04F79EFBC}") = "AHTG_AutomationSpecflow", "AHTG_AutomationSpecflow\AHTG_AutomationSpecflow.csproj", "{5CDB88FD-8ECC-45F2-A84C-F476084ED1BA}"
EndProject
Global
	GlobalSection(SolutionConfigurationPlatforms) = preSolution
		Debug|Any CPU = Debug|Any CPU
		Release|Any CPU = Release|Any CPU
	EndGlobalSection
	GlobalSection(ProjectConfigurationPlatforms) = postSolution
		{5CDB88FD-8ECC-45F2-A84C-F476084ED1BA}.Debug|Any CPU.ActiveCfg = Debug|Any CPU
		{5CDB88FD-8ECC-45F2-A84C-F476084ED1BA}.Debug|Any CPU.Build.0 = Debug|Any CPU
		{5CDB88FD-8ECC-45F2-A84C-F476084ED1BA}.Release|Any CPU.ActiveCfg = Release|Any CPU
		{5CDB88FD-8ECC-45F2-A84C-F476084ED1BA}.Release|Any CPU.Build.0 = Release|Any CPU
	EndGlobalSection
	GlobalSection(SolutionProperties) = preSolution
		HideSolutionNode = FALSE
	EndGlobalSection
	GlobalSection(ExtensibilityGlobals) = postSolution
		SolutionGuid = {C4AAC753-79DE-487C-AD99-F33CAC7B86AA}
	EndGlobalSection
EndGlobal
